Microsoft Visual Studio Solution File, Format Version 11.00
# Visual Studio 2008

Project("{5AFBDD77-C89E-5E2B-ABDD-9ABE2D792D39}") = "Bad Barry", "Assembly-CSharp.csproj", "{66D76205-3F11-9C0C-5D30-764BB5518A31}"
EndProject
Project("{5AFBDD77-C89E-5E2B-ABDD-9ABE2D792D39}") = "Bad Barry", "Assembly-CSharp-Editor.csproj", "{EEF60BA7-6661-ECF9-8BEA-D013BE2C1889}"
EndProject
Global
	GlobalSection(SolutionConfigurationPlatforms) = preSolution
		Debug|Any CPU = Debug|Any CPU
		Release|Any CPU = Release|Any CPU
	EndGlobalSection
	GlobalSection(ProjectConfigurationPlatforms) = postSolution
		{66D76205-3F11-9C0C-5D30-764BB5518A31}.Debug|Any CPU.ActiveCfg = Debug|Any CPU
		{66D76205-3F11-9C0C-5D30-764BB5518A31}.Debug|Any CPU.Build.0 = Debug|Any CPU
		{66D76205-3F11-9C0C-5D30-764BB5518A31}.Release|Any CPU.ActiveCfg = Release|Any CPU
		{66D76205-3F11-9C0C-5D30-764BB5518A31}.Release|Any CPU.Build.0 = Release|Any CPU
		{EEF60BA7-6661-ECF9-8BEA-D013BE2C1889}.Debug|Any CPU.ActiveCfg = Debug|Any CPU
		{EEF60BA7-6661-ECF9-8BEA-D013BE2C1889}.Debug|Any CPU.Build.0 = Debug|Any CPU
		{EEF60BA7-6661-ECF9-8BEA-D013BE2C1889}.Release|Any CPU.ActiveCfg = Release|Any CPU
		{EEF60BA7-6661-ECF9-8BEA-D013BE2C1889}.Release|Any CPU.Build.0 = Release|Any CPU
	EndGlobalSection
	GlobalSection(SolutionProperties) = preSolution
		HideSolutionNode = FALSE
	EndGlobalSection
																																																																																																																																																																																																																																																																																																																																																																																				GlobalSection(MonoDevelopProperties) = preSolution
=======
																																																																																																																																																																																																																																																																GlobalSection(MonoDevelopProperties) = preSolution
>>>>>>> 9159318f7299286ad75cb050c81df1f00d050f84
=======
																																																																																																																																																																																																																																																							GlobalSection(MonoDevelopProperties) = preSolution
=======
																																																																																																																																																																																																																											GlobalSection(MonoDevelopProperties) = preSolution
=======
																																																																																																																																																																																																																																																								GlobalSection(MonoDevelopProperties) = preSolution
>>>>>>> 4627ee76f221a7cea49109becb507ad275b25a37
>>>>>>> 3481d93bf5c6af370a3690986e77b9279c86629a
>>>>>>> a041dc3a0c7fc0a2318fc293cd5379a7a1c46b41
=======
																																																																																																																																																																																																										GlobalSection(MonoDevelopProperties) = preSolution
>>>>>>> 6576089515693728e3282fde14017b0b485a5bbf
=======
																																																																																																																																																																																							GlobalSection(MonoDevelopProperties) = preSolution
=======
<<<<<<< HEAD
																																																																																																																																																																																GlobalSection(MonoDevelopProperties) = preSolution
>>>>>>> b15fbcd24c0008e68edade8a0f795ace1c09b933
=======
																																																																																																																																																																																		GlobalSection(MonoDevelopProperties) = preSolution
>>>>>>> 50154c30fe5afe15000ea55fff191b2e2efc1f05
=======
<<<<<<< HEAD
																																																																																																																																																																	GlobalSection(MonoDevelopProperties) = preSolution
=======
																																																																																																																																																																												GlobalSection(MonoDevelopProperties) = preSolution
>>>>>>> 461904fb2215333cf1ad8dbeeff557126ca7f8b6
>>>>>>> d44a1f68c8eb319de3584db974ce2fcbc57e6862
=======
																																																																																																																																																							GlobalSection(MonoDevelopProperties) = preSolution
>>>>>>> dd6dc4d7e50262030e06ad4eb1fcacce057aabcf
>>>>>>> b09fa29c182286eadcd4facb057f141aead3b0a9
=======
																																																																																																																										GlobalSection(MonoDevelopProperties) = preSolution
>>>>>>> 7a4dfc109e9db9452a33125270aced2f590d5724
		StartupItem = Assembly-CSharp.csproj
		Policies = $0
		$0.TextStylePolicy = $1
		$1.inheritsSet = null
		$1.scope = text/x-csharp
		$0.CSharpFormattingPolicy = $2
		$2.inheritsSet = Mono
		$2.inheritsScope = text/x-csharp
		$2.scope = text/x-csharp
		$0.TextStylePolicy = $3
		$3.FileWidth = 120
		$3.TabWidth = 4
		$3.IndentWidth = 4
		$3.EolMarker = Unix
		$3.inheritsSet = Mono
		$3.inheritsScope = text/plain
		$3.scope = text/plain
	EndGlobalSection

EndGlobal
